// !$*UTF8*$!
{
	archiveVersion = 1;
	classes = {
	};
	objectVersion = 56;
	objects = {

/* Begin PBXBuildFile section */
		5B32D47A2996B108006FED9E /* GoogleService-Info.plist in Resources */ = {isa = PBXBuildFile; fileRef = 5B32D4792996B108006FED9E /* GoogleService-Info.plist */; };
		5B32D47D2996B458006FED9E /* FirebaseAnalytics in Frameworks */ = {isa = PBXBuildFile; productRef = 5B32D47C2996B458006FED9E /* FirebaseAnalytics */; };
		A6DF04A2298CD3E60018C310 /* AppDelegate.swift in Sources */ = {isa = PBXBuildFile; fileRef = A6DF04A1298CD3E60018C310 /* AppDelegate.swift */; };
		A6DF04A4298CD3E60018C310 /* SceneDelegate.swift in Sources */ = {isa = PBXBuildFile; fileRef = A6DF04A3298CD3E60018C310 /* SceneDelegate.swift */; };
		A6DF04A6298CD3E60018C310 /* ViewController.swift in Sources */ = {isa = PBXBuildFile; fileRef = A6DF04A5298CD3E60018C310 /* ViewController.swift */; };
		A6DF04A9298CD3E60018C310 /* Main.storyboard in Resources */ = {isa = PBXBuildFile; fileRef = A6DF04A7298CD3E60018C310 /* Main.storyboard */; };
		A6DF04AB298CD3E70018C310 /* Assets.xcassets in Resources */ = {isa = PBXBuildFile; fileRef = A6DF04AA298CD3E70018C310 /* Assets.xcassets */; };
		A6DF04AE298CD3E70018C310 /* LaunchScreen.storyboard in Resources */ = {isa = PBXBuildFile; fileRef = A6DF04AC298CD3E70018C310 /* LaunchScreen.storyboard */; };
		A6DF04B9298CD3E70018C310 /* login_PageTests.swift in Sources */ = {isa = PBXBuildFile; fileRef = A6DF04B8298CD3E70018C310 /* login_PageTests.swift */; };
		A6DF04C3298CD3E70018C310 /* login_PageUITests.swift in Sources */ = {isa = PBXBuildFile; fileRef = A6DF04C2298CD3E70018C310 /* login_PageUITests.swift */; };
		A6DF04C5298CD3E70018C310 /* login_PageUITestsLaunchTests.swift in Sources */ = {isa = PBXBuildFile; fileRef = A6DF04C4298CD3E70018C310 /* login_PageUITestsLaunchTests.swift */; };
		A6DF04D3298CD6770018C310 /* SQLite in Frameworks */ = {isa = PBXBuildFile; productRef = A6DF04D2298CD6770018C310 /* SQLite */; };
		A6DF04D8298CE43C0018C310 /* kakao_login_medium_narrow.png in Resources */ = {isa = PBXBuildFile; fileRef = A6DF04D7298CE43C0018C310 /* kakao_login_medium_narrow.png */; };
/* End PBXBuildFile section */

/* Begin PBXContainerItemProxy section */
		A6DF04B5298CD3E70018C310 /* PBXContainerItemProxy */ = {
			isa = PBXContainerItemProxy;
			containerPortal = A6DF0496298CD3E50018C310 /* Project object */;
			proxyType = 1;
			remoteGlobalIDString = A6DF049D298CD3E50018C310;
			remoteInfo = login_Page;
		};
		A6DF04BF298CD3E70018C310 /* PBXContainerItemProxy */ = {
			isa = PBXContainerItemProxy;
			containerPortal = A6DF0496298CD3E50018C310 /* Project object */;
			proxyType = 1;
			remoteGlobalIDString = A6DF049D298CD3E50018C310;
			remoteInfo = login_Page;
		};
/* End PBXContainerItemProxy section */

/* Begin PBXFileReference section */
		5B32D4792996B108006FED9E /* GoogleService-Info.plist */ = {isa = PBXFileReference; fileEncoding = 4; lastKnownFileType = text.plist.xml; path = "GoogleService-Info.plist"; sourceTree = "<group>"; };
		A6DF049E298CD3E60018C310 /* login_Page.app */ = {isa = PBXFileReference; explicitFileType = wrapper.application; includeInIndex = 0; path = login_Page.app; sourceTree = BUILT_PRODUCTS_DIR; };
		A6DF04A1298CD3E60018C310 /* AppDelegate.swift */ = {isa = PBXFileReference; lastKnownFileType = sourcecode.swift; path = AppDelegate.swift; sourceTree = "<group>"; };
		A6DF04A3298CD3E60018C310 /* SceneDelegate.swift */ = {isa = PBXFileReference; lastKnownFileType = sourcecode.swift; path = SceneDelegate.swift; sourceTree = "<group>"; };
		A6DF04A5298CD3E60018C310 /* ViewController.swift */ = {isa = PBXFileReference; lastKnownFileType = sourcecode.swift; path = ViewController.swift; sourceTree = "<group>"; };
		A6DF04A8298CD3E60018C310 /* Base */ = {isa = PBXFileReference; lastKnownFileType = file.storyboard; name = Base; path = Base.lproj/Main.storyboard; sourceTree = "<group>"; };
		A6DF04AA298CD3E70018C310 /* Assets.xcassets */ = {isa = PBXFileReference; lastKnownFileType = folder.assetcatalog; path = Assets.xcassets; sourceTree = "<group>"; };
		A6DF04AD298CD3E70018C310 /* Base */ = {isa = PBXFileReference; lastKnownFileType = file.storyboard; name = Base; path = Base.lproj/LaunchScreen.storyboard; sourceTree = "<group>"; };
		A6DF04AF298CD3E70018C310 /* Info.plist */ = {isa = PBXFileReference; lastKnownFileType = text.plist.xml; path = Info.plist; sourceTree = "<group>"; };
		A6DF04B4298CD3E70018C310 /* login_PageTests.xctest */ = {isa = PBXFileReference; explicitFileType = wrapper.cfbundle; includeInIndex = 0; path = login_PageTests.xctest; sourceTree = BUILT_PRODUCTS_DIR; };
		A6DF04B8298CD3E70018C310 /* login_PageTests.swift */ = {isa = PBXFileReference; lastKnownFileType = sourcecode.swift; path = login_PageTests.swift; sourceTree = "<group>"; };
		A6DF04BE298CD3E70018C310 /* login_PageUITests.xctest */ = {isa = PBXFileReference; explicitFileType = wrapper.cfbundle; includeInIndex = 0; path = login_PageUITests.xctest; sourceTree = BUILT_PRODUCTS_DIR; };
		A6DF04C2298CD3E70018C310 /* login_PageUITests.swift */ = {isa = PBXFileReference; lastKnownFileType = sourcecode.swift; path = login_PageUITests.swift; sourceTree = "<group>"; };
		A6DF04C4298CD3E70018C310 /* login_PageUITestsLaunchTests.swift */ = {isa = PBXFileReference; lastKnownFileType = sourcecode.swift; path = login_PageUITestsLaunchTests.swift; sourceTree = "<group>"; };
		A6DF04D7298CE43C0018C310 /* kakao_login_medium_narrow.png */ = {isa = PBXFileReference; lastKnownFileType = image.png; path = kakao_login_medium_narrow.png; sourceTree = "<group>"; };
/* End PBXFileReference section */

/* Begin PBXFrameworksBuildPhase section */
		A6DF049B298CD3E50018C310 /* Frameworks */ = {
			isa = PBXFrameworksBuildPhase;
			buildActionMask = 2147483647;
			files = (
				5B32D47D2996B458006FED9E /* FirebaseAnalytics in Frameworks */,
				A6DF04D3298CD6770018C310 /* SQLite in Frameworks */,
			);
			runOnlyForDeploymentPostprocessing = 0;
		};
		A6DF04B1298CD3E70018C310 /* Frameworks */ = {
			isa = PBXFrameworksBuildPhase;
			buildActionMask = 2147483647;
			files = (
			);
			runOnlyForDeploymentPostprocessing = 0;
		};
		A6DF04BB298CD3E70018C310 /* Frameworks */ = {
			isa = PBXFrameworksBuildPhase;
			buildActionMask = 2147483647;
			files = (
			);
			runOnlyForDeploymentPostprocessing = 0;
		};
/* End PBXFrameworksBuildPhase section */

/* Begin PBXGroup section */
		A6DF0495298CD3E50018C310 = {
			isa = PBXGroup;
			children = (
				A6DF04D6298CE42C0018C310 /* Image */,
				A6DF04A0298CD3E60018C310 /* login_Page */,
				A6DF04B7298CD3E70018C310 /* login_PageTests */,
				A6DF04C1298CD3E70018C310 /* login_PageUITests */,
				A6DF049F298CD3E60018C310 /* Products */,
			);
			sourceTree = "<group>";
		};
		A6DF049F298CD3E60018C310 /* Products */ = {
			isa = PBXGroup;
			children = (
				A6DF049E298CD3E60018C310 /* login_Page.app */,
				A6DF04B4298CD3E70018C310 /* login_PageTests.xctest */,
				A6DF04BE298CD3E70018C310 /* login_PageUITests.xctest */,
			);
			name = Products;
			sourceTree = "<group>";
		};
		A6DF04A0298CD3E60018C310 /* login_Page */ = {
			isa = PBXGroup;
			children = (
				A6DF04A1298CD3E60018C310 /* AppDelegate.swift */,
				A6DF04A3298CD3E60018C310 /* SceneDelegate.swift */,
				A6DF04A5298CD3E60018C310 /* ViewController.swift */,
				A6DF04A7298CD3E60018C310 /* Main.storyboard */,
				A6DF04AA298CD3E70018C310 /* Assets.xcassets */,
				A6DF04AC298CD3E70018C310 /* LaunchScreen.storyboard */,
				A6DF04AF298CD3E70018C310 /* Info.plist */,
				5B32D4792996B108006FED9E /* GoogleService-Info.plist */,
			);
			path = login_Page;
			sourceTree = "<group>";
		};
		A6DF04B7298CD3E70018C310 /* login_PageTests */ = {
			isa = PBXGroup;
			children = (
				A6DF04B8298CD3E70018C310 /* login_PageTests.swift */,
			);
			path = login_PageTests;
			sourceTree = "<group>";
		};
		A6DF04C1298CD3E70018C310 /* login_PageUITests */ = {
			isa = PBXGroup;
			children = (
				A6DF04C2298CD3E70018C310 /* login_PageUITests.swift */,
				A6DF04C4298CD3E70018C310 /* login_PageUITestsLaunchTests.swift */,
			);
			path = login_PageUITests;
			sourceTree = "<group>";
		};
		A6DF04D6298CE42C0018C310 /* Image */ = {
			isa = PBXGroup;
			children = (
				A6DF04D7298CE43C0018C310 /* kakao_login_medium_narrow.png */,
			);
			path = Image;
			sourceTree = "<group>";
		};
/* End PBXGroup section */

/* Begin PBXNativeTarget section */
		A6DF049D298CD3E50018C310 /* login_Page */ = {
			isa = PBXNativeTarget;
			buildConfigurationList = A6DF04C8298CD3E70018C310 /* Build configuration list for PBXNativeTarget "login_Page" */;
			buildPhases = (
				A6DF049A298CD3E50018C310 /* Sources */,
				A6DF049B298CD3E50018C310 /* Frameworks */,
				A6DF049C298CD3E50018C310 /* Resources */,
			);
			buildRules = (
			);
			dependencies = (
			);
			name = login_Page;
			packageProductDependencies = (
				A6DF04D2298CD6770018C310 /* SQLite */,
				5B32D47C2996B458006FED9E /* FirebaseAnalytics */,
			);
			productName = login_Page;
			productReference = A6DF049E298CD3E60018C310 /* login_Page.app */;
			productType = "com.apple.product-type.application";
		};
		A6DF04B3298CD3E70018C310 /* login_PageTests */ = {
			isa = PBXNativeTarget;
			buildConfigurationList = A6DF04CB298CD3E70018C310 /* Build configuration list for PBXNativeTarget "login_PageTests" */;
			buildPhases = (
				A6DF04B0298CD3E70018C310 /* Sources */,
				A6DF04B1298CD3E70018C310 /* Frameworks */,
				A6DF04B2298CD3E70018C310 /* Resources */,
			);
			buildRules = (
			);
			dependencies = (
				A6DF04B6298CD3E70018C310 /* PBXTargetDependency */,
			);
			name = login_PageTests;
			productName = login_PageTests;
			productReference = A6DF04B4298CD3E70018C310 /* login_PageTests.xctest */;
			productType = "com.apple.product-type.bundle.unit-test";
		};
		A6DF04BD298CD3E70018C310 /* login_PageUITests */ = {
			isa = PBXNativeTarget;
			buildConfigurationList = A6DF04CE298CD3E70018C310 /* Build configuration list for PBXNativeTarget "login_PageUITests" */;
			buildPhases = (
				A6DF04BA298CD3E70018C310 /* Sources */,
				A6DF04BB298CD3E70018C310 /* Frameworks */,
				A6DF04BC298CD3E70018C310 /* Resources */,
			);
			buildRules = (
			);
			dependencies = (
				A6DF04C0298CD3E70018C310 /* PBXTargetDependency */,
			);
			name = login_PageUITests;
			productName = login_PageUITests;
			productReference = A6DF04BE298CD3E70018C310 /* login_PageUITests.xctest */;
			productType = "com.apple.product-type.bundle.ui-testing";
		};
/* End PBXNativeTarget section */

/* Begin PBXProject section */
		A6DF0496298CD3E50018C310 /* Project object */ = {
			isa = PBXProject;
			attributes = {
				BuildIndependentTargetsInParallel = 1;
				LastSwiftUpdateCheck = 1420;
				LastUpgradeCheck = 1420;
				TargetAttributes = {
					A6DF049D298CD3E50018C310 = {
						CreatedOnToolsVersion = 14.2;
					};
					A6DF04B3298CD3E70018C310 = {
						CreatedOnToolsVersion = 14.2;
						TestTargetID = A6DF049D298CD3E50018C310;
					};
					A6DF04BD298CD3E70018C310 = {
						CreatedOnToolsVersion = 14.2;
						TestTargetID = A6DF049D298CD3E50018C310;
					};
				};
			};
			buildConfigurationList = A6DF0499298CD3E50018C310 /* Build configuration list for PBXProject "login_Page" */;
			compatibilityVersion = "Xcode 14.0";
			developmentRegion = en;
			hasScannedForEncodings = 0;
			knownRegions = (
				en,
				Base,
			);
			mainGroup = A6DF0495298CD3E50018C310;
			packageReferences = (
				A6DF04D1298CD6770018C310 /* XCRemoteSwiftPackageReference "SQLite.swift" */,
				5B32D47B2996B458006FED9E /* XCRemoteSwiftPackageReference "firebase-ios-sdk" */,
			);
			productRefGroup = A6DF049F298CD3E60018C310 /* Products */;
			projectDirPath = "";
			projectRoot = "";
			targets = (
				A6DF049D298CD3E50018C310 /* login_Page */,
				A6DF04B3298CD3E70018C310 /* login_PageTests */,
				A6DF04BD298CD3E70018C310 /* login_PageUITests */,
			);
		};
/* End PBXProject section */

/* Begin PBXResourcesBuildPhase section */
		A6DF049C298CD3E50018C310 /* Resources */ = {
			isa = PBXResourcesBuildPhase;
			buildActionMask = 2147483647;
			files = (
				A6DF04AE298CD3E70018C310 /* LaunchScreen.storyboard in Resources */,
				A6DF04AB298CD3E70018C310 /* Assets.xcassets in Resources */,
				5B32D47A2996B108006FED9E /* GoogleService-Info.plist in Resources */,
				A6DF04A9298CD3E60018C310 /* Main.storyboard in Resources */,
				A6DF04D8298CE43C0018C310 /* kakao_login_medium_narrow.png in Resources */,
			);
			runOnlyForDeploymentPostprocessing = 0;
		};
		A6DF04B2298CD3E70018C310 /* Resources */ = {
			isa = PBXResourcesBuildPhase;
			buildActionMask = 2147483647;
			files = (
			);
			runOnlyForDeploymentPostprocessing = 0;
		};
		A6DF04BC298CD3E70018C310 /* Resources */ = {
			isa = PBXResourcesBuildPhase;
			buildActionMask = 2147483647;
			files = (
			);
			runOnlyForDeploymentPostprocessing = 0;
		};
/* End PBXResourcesBuildPhase section */

/* Begin PBXSourcesBuildPhase section */
		A6DF049A298CD3E50018C310 /* Sources */ = {
			isa = PBXSourcesBuildPhase;
			buildActionMask = 2147483647;
			files = (
				A6DF04A6298CD3E60018C310 /* ViewController.swift in Sources */,
				A6DF04A2298CD3E60018C310 /* AppDelegate.swift in Sources */,
				A6DF04A4298CD3E60018C310 /* SceneDelegate.swift in Sources */,
			);
			runOnlyForDeploymentPostprocessing = 0;
		};
		A6DF04B0298CD3E70018C310 /* Sources */ = {
			isa = PBXSourcesBuildPhase;
			buildActionMask = 2147483647;
			files = (
				A6DF04B9298CD3E70018C310 /* login_PageTests.swift in Sources */,
			);
			runOnlyForDeploymentPostprocessing = 0;
		};
		A6DF04BA298CD3E70018C310 /* Sources */ = {
			isa = PBXSourcesBuildPhase;
			buildActionMask = 2147483647;
			files = (
				A6DF04C3298CD3E70018C310 /* login_PageUITests.swift in Sources */,
				A6DF04C5298CD3E70018C310 /* login_PageUITestsLaunchTests.swift in Sources */,
			);
			runOnlyForDeploymentPostprocessing = 0;
		};
/* End PBXSourcesBuildPhase section */

/* Begin PBXTargetDependency section */
		A6DF04B6298CD3E70018C310 /* PBXTargetDependency */ = {
			isa = PBXTargetDependency;
			target = A6DF049D298CD3E50018C310 /* login_Page */;
			targetProxy = A6DF04B5298CD3E70018C310 /* PBXContainerItemProxy */;
		};
		A6DF04C0298CD3E70018C310 /* PBXTargetDependency */ = {
			isa = PBXTargetDependency;
			target = A6DF049D298CD3E50018C310 /* login_Page */;
			targetProxy = A6DF04BF298CD3E70018C310 /* PBXContainerItemProxy */;
		};
/* End PBXTargetDependency section */

/* Begin PBXVariantGroup section */
		A6DF04A7298CD3E60018C310 /* Main.storyboard */ = {
			isa = PBXVariantGroup;
			children = (
				A6DF04A8298CD3E60018C310 /* Base */,
			);
			name = Main.storyboard;
			sourceTree = "<group>";
		};
		A6DF04AC298CD3E70018C310 /* LaunchScreen.storyboard */ = {
			isa = PBXVariantGroup;
			children = (
				A6DF04AD298CD3E70018C310 /* Base */,
			);
			name = LaunchScreen.storyboard;
			sourceTree = "<group>";
		};
/* End PBXVariantGroup section */

/* Begin XCBuildConfiguration section */
		A6DF04C6298CD3E70018C310 /* Debug */ = {
			isa = XCBuildConfiguration;
			buildSettings = {
				ALWAYS_SEARCH_USER_PATHS = NO;
				CLANG_ANALYZER_NONNULL = YES;
				CLANG_ANALYZER_NUMBER_OBJECT_CONVERSION = YES_AGGRESSIVE;
				CLANG_CXX_LANGUAGE_STANDARD = "gnu++20";
				CLANG_ENABLE_MODULES = YES;
				CLANG_ENABLE_OBJC_ARC = YES;
				CLANG_ENABLE_OBJC_WEAK = YES;
				CLANG_WARN_BLOCK_CAPTURE_AUTORELEASING = YES;
				CLANG_WARN_BOOL_CONVERSION = YES;
				CLANG_WARN_COMMA = YES;
				CLANG_WARN_CONSTANT_CONVERSION = YES;
				CLANG_WARN_DEPRECATED_OBJC_IMPLEMENTATIONS = YES;
				CLANG_WARN_DIRECT_OBJC_ISA_USAGE = YES_ERROR;
				CLANG_WARN_DOCUMENTATION_COMMENTS = YES;
				CLANG_WARN_EMPTY_BODY = YES;
				CLANG_WARN_ENUM_CONVERSION = YES;
				CLANG_WARN_INFINITE_RECURSION = YES;
				CLANG_WARN_INT_CONVERSION = YES;
				CLANG_WARN_NON_LITERAL_NULL_CONVERSION = YES;
				CLANG_WARN_OBJC_IMPLICIT_RETAIN_SELF = YES;
				CLANG_WARN_OBJC_LITERAL_CONVERSION = YES;
				CLANG_WARN_OBJC_ROOT_CLASS = YES_ERROR;
				CLANG_WARN_QUOTED_INCLUDE_IN_FRAMEWORK_HEADER = YES;
				CLANG_WARN_RANGE_LOOP_ANALYSIS = YES;
				CLANG_WARN_STRICT_PROTOTYPES = YES;
				CLANG_WARN_SUSPICIOUS_MOVE = YES;
				CLANG_WARN_UNGUARDED_AVAILABILITY = YES_AGGRESSIVE;
				CLANG_WARN_UNREACHABLE_CODE = YES;
				CLANG_WARN__DUPLICATE_METHOD_MATCH = YES;
				COPY_PHASE_STRIP = NO;
				DEBUG_INFORMATION_FORMAT = dwarf;
				ENABLE_STRICT_OBJC_MSGSEND = YES;
				ENABLE_TESTABILITY = YES;
				GCC_C_LANGUAGE_STANDARD = gnu11;
				GCC_DYNAMIC_NO_PIC = NO;
				GCC_NO_COMMON_BLOCKS = YES;
				GCC_OPTIMIZATION_LEVEL = 0;
				GCC_PREPROCESSOR_DEFINITIONS = (
					"DEBUG=1",
					"$(inherited)",
				);
				GCC_WARN_64_TO_32_BIT_CONVERSION = YES;
				GCC_WARN_ABOUT_RETURN_TYPE = YES_ERROR;
				GCC_WARN_UNDECLARED_SELECTOR = YES;
				GCC_WARN_UNINITIALIZED_AUTOS = YES_AGGRESSIVE;
				GCC_WARN_UNUSED_FUNCTION = YES;
				GCC_WARN_UNUSED_VARIABLE = YES;
				IPHONEOS_DEPLOYMENT_TARGET = 16.2;
				MTL_ENABLE_DEBUG_INFO = INCLUDE_SOURCE;
				MTL_FAST_MATH = YES;
				ONLY_ACTIVE_ARCH = YES;
				SDKROOT = iphoneos;
				SWIFT_ACTIVE_COMPILATION_CONDITIONS = DEBUG;
				SWIFT_OPTIMIZATION_LEVEL = "-Onone";
			};
			name = Debug;
		};
		A6DF04C7298CD3E70018C310 /* Release */ = {
			isa = XCBuildConfiguration;
			buildSettings = {
				ALWAYS_SEARCH_USER_PATHS = NO;
				CLANG_ANALYZER_NONNULL = YES;
				CLANG_ANALYZER_NUMBER_OBJECT_CONVERSION = YES_AGGRESSIVE;
				CLANG_CXX_LANGUAGE_STANDARD = "gnu++20";
				CLANG_ENABLE_MODULES = YES;
				CLANG_ENABLE_OBJC_ARC = YES;
				CLANG_ENABLE_OBJC_WEAK = YES;
				CLANG_WARN_BLOCK_CAPTURE_AUTORELEASING = YES;
				CLANG_WARN_BOOL_CONVERSION = YES;
				CLANG_WARN_COMMA = YES;
				CLANG_WARN_CONSTANT_CONVERSION = YES;
				CLANG_WARN_DEPRECATED_OBJC_IMPLEMENTATIONS = YES;
				CLANG_WARN_DIRECT_OBJC_ISA_USAGE = YES_ERROR;
				CLANG_WARN_DOCUMENTATION_COMMENTS = YES;
				CLANG_WARN_EMPTY_BODY = YES;
				CLANG_WARN_ENUM_CONVERSION = YES;
				CLANG_WARN_INFINITE_RECURSION = YES;
				CLANG_WARN_INT_CONVERSION = YES;
				CLANG_WARN_NON_LITERAL_NULL_CONVERSION = YES;
				CLANG_WARN_OBJC_IMPLICIT_RETAIN_SELF = YES;
				CLANG_WARN_OBJC_LITERAL_CONVERSION = YES;
				CLANG_WARN_OBJC_ROOT_CLASS = YES_ERROR;
				CLANG_WARN_QUOTED_INCLUDE_IN_FRAMEWORK_HEADER = YES;
				CLANG_WARN_RANGE_LOOP_ANALYSIS = YES;
				CLANG_WARN_STRICT_PROTOTYPES = YES;
				CLANG_WARN_SUSPICIOUS_MOVE = YES;
				CLANG_WARN_UNGUARDED_AVAILABILITY = YES_AGGRESSIVE;
				CLANG_WARN_UNREACHABLE_CODE = YES;
				CLANG_WARN__DUPLICATE_METHOD_MATCH = YES;
				COPY_PHASE_STRIP = NO;
				DEBUG_INFORMATION_FORMAT = "dwarf-with-dsym";
				ENABLE_NS_ASSERTIONS = NO;
				ENABLE_STRICT_OBJC_MSGSEND = YES;
				GCC_C_LANGUAGE_STANDARD = gnu11;
				GCC_NO_COMMON_BLOCKS = YES;
				GCC_WARN_64_TO_32_BIT_CONVERSION = YES;
				GCC_WARN_ABOUT_RETURN_TYPE = YES_ERROR;
				GCC_WARN_UNDECLARED_SELECTOR = YES;
				GCC_WARN_UNINITIALIZED_AUTOS = YES_AGGRESSIVE;
				GCC_WARN_UNUSED_FUNCTION = YES;
				GCC_WARN_UNUSED_VARIABLE = YES;
				IPHONEOS_DEPLOYMENT_TARGET = 16.2;
				MTL_ENABLE_DEBUG_INFO = NO;
				MTL_FAST_MATH = YES;
				SDKROOT = iphoneos;
				SWIFT_COMPILATION_MODE = wholemodule;
				SWIFT_OPTIMIZATION_LEVEL = "-O";
				VALIDATE_PRODUCT = YES;
			};
			name = Release;
		};
		A6DF04C9298CD3E70018C310 /* Debug */ = {
			isa = XCBuildConfiguration;
			buildSettings = {
				ASSETCATALOG_COMPILER_APPICON_NAME = AppIcon;
				ASSETCATALOG_COMPILER_GLOBAL_ACCENT_COLOR_NAME = AccentColor;
				CODE_SIGN_STYLE = Automatic;
				CURRENT_PROJECT_VERSION = 1;
				DEVELOPMENT_TEAM = RLB5322DA4;
				GENERATE_INFOPLIST_FILE = YES;
				INFOPLIST_FILE = login_Page/Info.plist;
				INFOPLIST_KEY_UIApplicationSupportsIndirectInputEvents = YES;
				INFOPLIST_KEY_UILaunchStoryboardName = LaunchScreen;
				INFOPLIST_KEY_UIMainStoryboardFile = Main;
				INFOPLIST_KEY_UISupportedInterfaceOrientations_iPad = "UIInterfaceOrientationPortrait UIInterfaceOrientationPortraitUpsideDown UIInterfaceOrientationLandscapeLeft UIInterfaceOrientationLandscapeRight";
				INFOPLIST_KEY_UISupportedInterfaceOrientations_iPhone = "UIInterfaceOrientationPortrait UIInterfaceOrientationLandscapeLeft UIInterfaceOrientationLandscapeRight";
				LD_RUNPATH_SEARCH_PATHS = (
					"$(inherited)",
					"@executable_path/Frameworks",
				);
				MARKETING_VERSION = 1.0;
				PRODUCT_BUNDLE_IDENTIFIER = "kr.ac.smu.login-Page";
				PRODUCT_NAME = "$(TARGET_NAME)";
				SWIFT_EMIT_LOC_STRINGS = YES;
				SWIFT_VERSION = 5.0;
				TARGETED_DEVICE_FAMILY = "1,2";
			};
			name = Debug;
		};
		A6DF04CA298CD3E70018C310 /* Release */ = {
			isa = XCBuildConfiguration;
			buildSettings = {
				ASSETCATALOG_COMPILER_APPICON_NAME = AppIcon;
				ASSETCATALOG_COMPILER_GLOBAL_ACCENT_COLOR_NAME = AccentColor;
				CODE_SIGN_STYLE = Automatic;
				CURRENT_PROJECT_VERSION = 1;
				DEVELOPMENT_TEAM = RLB5322DA4;
				GENERATE_INFOPLIST_FILE = YES;
				INFOPLIST_FILE = login_Page/Info.plist;
				INFOPLIST_KEY_UIApplicationSupportsIndirectInputEvents = YES;
				INFOPLIST_KEY_UILaunchStoryboardName = LaunchScreen;
				INFOPLIST_KEY_UIMainStoryboardFile = Main;
				INFOPLIST_KEY_UISupportedInterfaceOrientations_iPad = "UIInterfaceOrientationPortrait UIInterfaceOrientationPortraitUpsideDown UIInterfaceOrientationLandscapeLeft UIInterfaceOrientationLandscapeRight";
				INFOPLIST_KEY_UISupportedInterfaceOrientations_iPhone = "UIInterfaceOrientationPortrait UIInterfaceOrientationLandscapeLeft UIInterfaceOrientationLandscapeRight";
				LD_RUNPATH_SEARCH_PATHS = (
					"$(inherited)",
					"@executable_path/Frameworks",
				);
				MARKETING_VERSION = 1.0;
				PRODUCT_BUNDLE_IDENTIFIER = "kr.ac.smu.login-Page";
				PRODUCT_NAME = "$(TARGET_NAME)";
				SWIFT_EMIT_LOC_STRINGS = YES;
				SWIFT_VERSION = 5.0;
				TARGETED_DEVICE_FAMILY = "1,2";
			};
			name = Release;
		};
		A6DF04CC298CD3E70018C310 /* Debug */ = {
			isa = XCBuildConfiguration;
			buildSettings = {
				ALWAYS_EMBED_SWIFT_STANDARD_LIBRARIES = YES;
				BUNDLE_LOADER = "$(TEST_HOST)";
				CODE_SIGN_STYLE = Automatic;
				CURRENT_PROJECT_VERSION = 1;
				DEVELOPMENT_TEAM = RLB5322DA4;
				GENERATE_INFOPLIST_FILE = YES;
				IPHONEOS_DEPLOYMENT_TARGET = 16.2;
				MARKETING_VERSION = 1.0;
				PRODUCT_BUNDLE_IDENTIFIER = "kr.ac.smu.login-PageTests";
				PRODUCT_NAME = "$(TARGET_NAME)";
				SWIFT_EMIT_LOC_STRINGS = NO;
				SWIFT_VERSION = 5.0;
				TARGETED_DEVICE_FAMILY = "1,2";
				TEST_HOST = "$(BUILT_PRODUCTS_DIR)/login_Page.app/$(BUNDLE_EXECUTABLE_FOLDER_PATH)/login_Page";
			};
			name = Debug;
		};
		A6DF04CD298CD3E70018C310 /* Release */ = {
			isa = XCBuildConfiguration;
			buildSettings = {
				ALWAYS_EMBED_SWIFT_STANDARD_LIBRARIES = YES;
				BUNDLE_LOADER = "$(TEST_HOST)";
				CODE_SIGN_STYLE = Automatic;
				CURRENT_PROJECT_VERSION = 1;
				DEVELOPMENT_TEAM = RLB5322DA4;
				GENERATE_INFOPLIST_FILE = YES;
				IPHONEOS_DEPLOYMENT_TARGET = 16.2;
				MARKETING_VERSION = 1.0;
				PRODUCT_BUNDLE_IDENTIFIER = "kr.ac.smu.login-PageTests";
				PRODUCT_NAME = "$(TARGET_NAME)";
				SWIFT_EMIT_LOC_STRINGS = NO;
				SWIFT_VERSION = 5.0;
				TARGETED_DEVICE_FAMILY = "1,2";
				TEST_HOST = "$(BUILT_PRODUCTS_DIR)/login_Page.app/$(BUNDLE_EXECUTABLE_FOLDER_PATH)/login_Page";
			};
			name = Release;
		};
		A6DF04CF298CD3E70018C310 /* Debug */ = {
			isa = XCBuildConfiguration;
			buildSettings = {
				ALWAYS_EMBED_SWIFT_STANDARD_LIBRARIES = YES;
				CODE_SIGN_STYLE = Automatic;
				CURRENT_PROJECT_VERSION = 1;
				DEVELOPMENT_TEAM = RLB5322DA4;
				GENERATE_INFOPLIST_FILE = YES;
				MARKETING_VERSION = 1.0;
				PRODUCT_BUNDLE_IDENTIFIER = "kr.ac.smu.login-PageUITests";
				PRODUCT_NAME = "$(TARGET_NAME)";
				SWIFT_EMIT_LOC_STRINGS = NO;
				SWIFT_VERSION = 5.0;
				TARGETED_DEVICE_FAMILY = "1,2";
				TEST_TARGET_NAME = login_Page;
			};
			name = Debug;
		};
		A6DF04D0298CD3E70018C310 /* Release */ = {
			isa = XCBuildConfiguration;
			buildSettings = {
				ALWAYS_EMBED_SWIFT_STANDARD_LIBRARIES = YES;
				CODE_SIGN_STYLE = Automatic;
				CURRENT_PROJECT_VERSION = 1;
				DEVELOPMENT_TEAM = RLB5322DA4;
				GENERATE_INFOPLIST_FILE = YES;
				MARKETING_VERSION = 1.0;
				PRODUCT_BUNDLE_IDENTIFIER = "kr.ac.smu.login-PageUITests";
				PRODUCT_NAME = "$(TARGET_NAME)";
				SWIFT_EMIT_LOC_STRINGS = NO;
				SWIFT_VERSION = 5.0;
				TARGETED_DEVICE_FAMILY = "1,2";
				TEST_TARGET_NAME = login_Page;
			};
			name = Release;
		};
/* End XCBuildConfiguration section */

/* Begin XCConfigurationList section */
		A6DF0499298CD3E50018C310 /* Build configuration list for PBXProject "login_Page" */ = {
			isa = XCConfigurationList;
			buildConfigurations = (
				A6DF04C6298CD3E70018C310 /* Debug */,
				A6DF04C7298CD3E70018C310 /* Release */,
			);
			defaultConfigurationIsVisible = 0;
			defaultConfigurationName = Release;
		};
		A6DF04C8298CD3E70018C310 /* Build configuration list for PBXNativeTarget "login_Page" */ = {
			isa = XCConfigurationList;
			buildConfigurations = (
				A6DF04C9298CD3E70018C310 /* Debug */,
				A6DF04CA298CD3E70018C310 /* Release */,
			);
			defaultConfigurationIsVisible = 0;
			defaultConfigurationName = Release;
		};
		A6DF04CB298CD3E70018C310 /* Build configuration list for PBXNativeTarget "login_PageTests" */ = {
			isa = XCConfigurationList;
			buildConfigurations = (
				A6DF04CC298CD3E70018C310 /* Debug */,
				A6DF04CD298CD3E70018C310 /* Release */,
			);
			defaultConfigurationIsVisible = 0;
			defaultConfigurationName = Release;
		};
		A6DF04CE298CD3E70018C310 /* Build configuration list for PBXNativeTarget "login_PageUITests" */ = {
			isa = XCConfigurationList;
			buildConfigurations = (
				A6DF04CF298CD3E70018C310 /* Debug */,
				A6DF04D0298CD3E70018C310 /* Release */,
			);
			defaultConfigurationIsVisible = 0;
			defaultConfigurationName = Release;
		};
/* End XCConfigurationList section */

/* Begin XCRemoteSwiftPackageReference section */
		5B32D47B2996B458006FED9E /* XCRemoteSwiftPackageReference "firebase-ios-sdk" */ = {
			isa = XCRemoteSwiftPackageReference;
			repositoryURL = "https://github.com/firebase/firebase-ios-sdk";
			requirement = {
				kind = upToNextMajorVersion;
				minimumVersion = 9.0.0;
			};
		};
		A6DF04D1298CD6770018C310 /* XCRemoteSwiftPackageReference "SQLite.swift" */ = {
			isa = XCRemoteSwiftPackageReference;
			repositoryURL = "https://github.com/stephencelis/SQLite.swift.git";
			requirement = {
				kind = upToNextMajorVersion;
				minimumVersion = 0.9.2;
			};
		};
/* End XCRemoteSwiftPackageReference section */

/* Begin XCSwiftPackageProductDependency section */
		5B32D47C2996B458006FED9E /* FirebaseAnalytics */ = {
			isa = XCSwiftPackageProductDependency;
			package = 5B32D47B2996B458006FED9E /* XCRemoteSwiftPackageReference "firebase-ios-sdk" */;
			productName = FirebaseAnalytics;
		};
		A6DF04D2298CD6770018C310 /* SQLite */ = {
			isa = XCSwiftPackageProductDependency;
			package = A6DF04D1298CD6770018C310 /* XCRemoteSwiftPackageReference "SQLite.swift" */;
			productName = SQLite;
		};
/* End XCSwiftPackageProductDependency section */
	};
	rootObject = A6DF0496298CD3E50018C310 /* Project object */;
}
